
Microsoft Visual Studio Solution File, Format Version 12.00
# Visual Studio Version 17
VisualStudioVersion = 17.0.31903.59
MinimumVisualStudioVersion = 10.0.40219.1
Project("{FAE04EC0-301F-11D3-BF4B-00C04F79EFBC}") = "GitContext", "GitContext\GitContext.csproj", "{6BB10F51-8ED6-4E1F-8D54-28B7F475F168}"
EndProject
Project("{FAE04EC0-301F-11D3-BF4B-00C04F79EFBC}") = "Tests", "Tests\Tests.csproj", "{B88BC056-D760-476F-AC89-BD6FEAA50FCA}"
EndProject
Global
	GlobalSection(SolutionConfigurationPlatforms) = preSolution
		Debug|Any CPU = Debug|Any CPU
		Release|Any CPU = Release|Any CPU
	EndGlobalSection
	GlobalSection(SolutionProperties) = preSolution
		HideSolutionNode = FALSE
	EndGlobalSection
	GlobalSection(ProjectConfigurationPlatforms) = postSolution
		{6BB10F51-8ED6-4E1F-8D54-28B7F475F168}.Debug|Any CPU.ActiveCfg = Debug|Any CPU
		{6BB10F51-8ED6-4E1F-8D54-28B7F475F168}.Debug|Any CPU.Build.0 = Debug|Any CPU
		{6BB10F51-8ED6-4E1F-8D54-28B7F475F168}.Release|Any CPU.ActiveCfg = Release|Any CPU
		{6BB10F51-8ED6-4E1F-8D54-28B7F475F168}.Release|Any CPU.Build.0 = Release|Any CPU
		{B88BC056-D760-476F-AC89-BD6FEAA50FCA}.Debug|Any CPU.ActiveCfg = Debug|Any CPU
		{B88BC056-D760-476F-AC89-BD6FEAA50FCA}.Debug|Any CPU.Build.0 = Debug|Any CPU
		{B88BC056-D760-476F-AC89-BD6FEAA50FCA}.Release|Any CPU.ActiveCfg = Release|Any CPU
		{B88BC056-D760-476F-AC89-BD6FEAA50FCA}.Release|Any CPU.Build.0 = Release|Any CPU
	EndGlobalSection
EndGlobal
